# THIS IS AN AUTOGENERATED FILE. DO NOT EDIT THIS FILE DIRECTLY.
# yarn lockfile v1


"@fortawesome/fontawesome-free@^5.9.0":
  version "5.10.1"
  resolved "https://registry.yarnpkg.com/@fortawesome/fontawesome-free/-/fontawesome-free-5.10.1.tgz#dec28ee02c3fc51da46d53ce4da9d5787312fbd7"
  integrity sha512-PYncBhgN1l02mwHmczukexmu4yRTjRDAAdcK62jdWSAW8epcnZ9K2win/7rMrffiv/c7XLVDA8vD+yi6WyvbGQ==

"@fullcalendar/bootstrap@^4.2.0":
  version "4.2.0"
  resolved "https://registry.yarnpkg.com/@fullcalendar/bootstrap/-/bootstrap-4.2.0.tgz#8ddf310e3247502ff49a1ec852eb84d443cc942b"
  integrity sha512-yavoxeP13f7MCeSuEk9aQHd0z82yvENw3yjbxZZHBtIY1/E/FOPZRGZYFmwffIvvz7AOs9W+Pt6hxzFLsPW02Q==

"@fullcalendar/core@^4.2.0":
  version "4.2.0"
  resolved "https://registry.yarnpkg.com/@fullcalendar/core/-/core-4.2.0.tgz#16716d6617137e54fceeb03c72f5124c92b86e58"
  integrity sha512-4kd5OGHxjMtwI0gUHKwAYzmR0Z79Qf8y0ARx2Ruh20JdVy3Tznn6oKwdpkUbaXWrLXNDoXYRkBiFCIgC27VNCw==

"@fullcalendar/daygrid@^4.2.0", "@fullcalendar/daygrid@~4.2.0":
  version "4.2.0"
  resolved "https://registry.yarnpkg.com/@fullcalendar/daygrid/-/daygrid-4.2.0.tgz#c49a9e27baf40b5a637a5d8fffa2670f19ed636b"
  integrity sha512-9C61TowLTTZ657cErdylkdRYxXj5HO0NgogQgYX9X2wz7yvn6loiyGx6oq0o6OFf+e/Z4Ey06j7f/fqn/BPYEQ==

"@fullcalendar/interaction@^4.2.0":
  version "4.2.0"
  resolved "https://registry.yarnpkg.com/@fullcalendar/interaction/-/interaction-4.2.0.tgz#312e83f575aed67c33aec69884664d436aaedef2"
  integrity sha512-wwAyocUp1HEY7c7xCymR9EGdh7AWZrwNiBQlIpP3ne0eJT0U4ZjlnoOoels3VPsTJ9a6pdO1/XoGjEvL1T5y4g==

"@fullcalendar/timegrid@^4.2.0":
  version "4.2.0"
  resolved "https://registry.yarnpkg.com/@fullcalendar/timegrid/-/timegrid-4.2.0.tgz#e2372ba108f5da8e38c915366c2101b4365ff409"
  integrity sha512-JtojTR+1uc1/WNzejcmsI5/2Jg007QprK5IpR8ocUVEcHXaBBXU6CPGirEWKyfk7QPZ7KzmJCykQ68QHiptyKA==
  dependencies:
    "@fullcalendar/daygrid" "~4.2.0"

"@lgaitan/pace-progress@^1.0.7":
  version "1.0.7"
  resolved "https://registry.yarnpkg.com/@lgaitan/pace-progress/-/pace-progress-1.0.7.tgz#c96fbbd9fd4cf528feed34ea0c8f9d8b3e98f0dd"
  integrity sha1-yW+72f1M9Sj+7TTqDI+diz6Y8N0=

admin-lte@3.0.0-beta.1:
  version "3.0.0-beta.1"
  resolved "https://registry.yarnpkg.com/admin-lte/-/admin-lte-3.0.0-beta.1.tgz#12e7f467608c00903aeefe1c66877e8c2c0f642a"
  integrity sha512-sOVfu0/C8ZipdqU/fsKBXwq4BGx2ALLsroZ6u+3OkCEFjEnbO4ORQy9St624S/e6l1DdFVbJgFxlRgoi7M/RhQ==
  dependencies:
    "@fortawesome/fontawesome-free" "^5.9.0"
    "@fullcalendar/bootstrap" "^4.2.0"
    "@fullcalendar/core" "^4.2.0"
    "@fullcalendar/daygrid" "^4.2.0"
    "@fullcalendar/interaction" "^4.2.0"
    "@fullcalendar/timegrid" "^4.2.0"
    "@lgaitan/pace-progress" "^1.0.7"
    bootstrap "^4.3.1"
    bootstrap-colorpicker "^3.1.2"
    bootstrap-slider "^10.6.1"
    chart.js "^2.8.0"
    datatables.net "^1.10.19"
    datatables.net-bs4 "^1.10.19"
    daterangepicker "^3.0.5"
    fastclick "^1.0.6"
    flot "^3.1.1"
    icheck-bootstrap "^3.0.1"
    inputmask "^4.0.8"
    ion-rangeslider "^2.3.0"
    jquery "^3.4.1"
    jquery-knob-chif "^1.2.13"
    jquery-mapael "^2.2.0"
    jquery-mousewheel "^3.1.13"
    jquery-ui-dist "^1.12.1"
    jqvmap "github:CivilError/jqvmap"
    moment "^2.24.0"
    overlayscrollbars "^1.7.2"
    popper.js "^1.15.0"
    raphael "^2.2.8"
    select2 "^4.0.7"
    sparklines "^1.2.0"
    summernote "^0.8.12"
    sweetalert2 "^8.12.1"
    tempusdominus-bootstrap-4 "^5.1.2"
    toastr "^2.1.4"

bootstrap-colorpicker@^3.1.2:
  version "3.1.2"
  resolved "https://registry.yarnpkg.com/bootstrap-colorpicker/-/bootstrap-colorpicker-3.1.2.tgz#42737d7fb3f52b42ad9e33ac97f021252307dfae"
  integrity sha512-yUWegXox8GYoXVtYdrEIN3QMOeEFbcSFGDadZu2pWmmMgTaw4ECX9T8GvYQzJkRusvK9uzi39FjE0W2k8lQECA==
  dependencies:
    bootstrap ">=4.0"
    jquery ">=2.1.0"

bootstrap-slider@^10.6.1:
  version "10.6.2"
  resolved "https://registry.yarnpkg.com/bootstrap-slider/-/bootstrap-slider-10.6.2.tgz#7341f468c012bdaa6a1d8625d989fdeb8ed7dd38"
  integrity sha512-8JTPZB9QVOdrGzYF3YgC3YW6ssfPeBvBwZnXffiZ7YH/zz1D0EKlZvmQsm/w3N0XjVNYQEoQ0ax+jHrErV4K1Q==

bootstrap@>=4.0, bootstrap@>=4.1.2, bootstrap@^4.3.1:
  version "4.3.1"
  resolved "https://registry.yarnpkg.com/bootstrap/-/bootstrap-4.3.1.tgz#280ca8f610504d99d7b6b4bfc4b68cec601704ac"
  integrity sha512-rXqOmH1VilAt2DyPzluTi2blhk17bO7ef+zLLPlWvG494pDxcM234pJ8wTc/6R40UWizAIIMgxjvxZg5kmsbag==

chart.js@^2.8.0:
  version "2.8.0"
  resolved "https://registry.yarnpkg.com/chart.js/-/chart.js-2.8.0.tgz#b703b10d0f4ec5079eaefdcd6ca32dc8f826e0e9"
  integrity sha512-Di3wUL4BFvqI5FB5K26aQ+hvWh8wnP9A3DWGvXHVkO13D3DSnaSsdZx29cXlEsYKVkn1E2az+ZYFS4t0zi8x0w==
  dependencies:
    chartjs-color "^2.1.0"
    moment "^2.10.2"

chartjs-color-string@^0.5.0:
  version "0.5.0"
  resolved "https://registry.yarnpkg.com/chartjs-color-string/-/chartjs-color-string-0.5.0.tgz#8d3752d8581d86687c35bfe2cb80ac5213ceb8c1"
  dependencies:
    color-name "^1.0.0"

chartjs-color@^2.1.0:
  version "2.2.0"
  resolved "https://registry.yarnpkg.com/chartjs-color/-/chartjs-color-2.2.0.tgz#84a2fb755787ed85c39dd6dd8c7b1d88429baeae"
  dependencies:
    chartjs-color-string "^0.5.0"
    color-convert "^0.5.3"

color-convert@^0.5.3:
  version "0.5.3"
  resolved "https://registry.yarnpkg.com/color-convert/-/color-convert-0.5.3.tgz#bdb6c69ce660fadffe0b0007cc447e1b9f7282bd"

color-name@^1.0.0:
  version "1.1.3"
  resolved "https://registry.yarnpkg.com/color-name/-/color-name-1.1.3.tgz#a7d0558bd89c42f795dd42328f740831ca53bc25"

datatables.net-bs4@^1.10.19:
  version "1.10.19"
  resolved "https://registry.yarnpkg.com/datatables.net-bs4/-/datatables.net-bs4-1.10.19.tgz#0608dff22008cf3c7b8a68b1bc702ed255b404fb"
  integrity sha512-pgeP17w4aPR7HIxIwuJghfqXULjdg1K6xMUUKDyCERJRSNNK4MRToFfELtIsluLNN555YBK4Kx8nihX5/ZT1Fw==
  dependencies:
    datatables.net "1.10.19"
    jquery ">=1.7"

datatables.net@1.10.19, datatables.net@^1.10.19:
  version "1.10.19"
  resolved "https://registry.yarnpkg.com/datatables.net/-/datatables.net-1.10.19.tgz#97a1ed41c85e62d61040603481b59790a172dd1f"
  integrity sha512-+ljXcI6Pj3PTGy5pesp3E5Dr3x3AV45EZe0o1r0gKENN2gafBKXodVnk2ypKwl2tTmivjxbkiqoWnipTefyBTA==
  dependencies:
    jquery ">=1.7"

daterangepicker@^3.0.5:
  version "3.0.5"
  resolved "https://registry.yarnpkg.com/daterangepicker/-/daterangepicker-3.0.5.tgz#97180f233cf9c222cd0767b9c37c2926976d633a"
  integrity sha512-BoVV+OjVARWNE15iF+3Y2QIMioAD2UODHvJwIq+NtG0vxh61dXRmOMXlw2dsvxS8KY4n5uvIcBfIPiEiiGJcBg==
  dependencies:
    jquery ">=1.10"
    moment "^2.9.0"

eve-raphael@0.5.0:
  version "0.5.0"
  resolved "https://registry.yarnpkg.com/eve-raphael/-/eve-raphael-0.5.0.tgz#17c754b792beef3fa6684d79cf5a47c63c4cda30"
  integrity sha1-F8dUt5K+7z+maE15z1pHxjxM2jA=

fastclick@^1.0.6:
  version "1.0.6"
  resolved "https://registry.yarnpkg.com/fastclick/-/fastclick-1.0.6.tgz#161625b27b1a5806405936bda9a2c1926d06be6a"
  integrity sha1-FhYlsnsaWAZAWTa9qaLBkm0Gvmo=

flot@^3.1.1:
  version "3.2.5"
  resolved "https://registry.yarnpkg.com/flot/-/flot-3.2.5.tgz#f803005e0cea7ebea8a947e93b55996ebade9764"
  integrity sha512-YDLSgjKpeDGU01KtwQeOLc3ebdQve7f3k/8iN6tPO0KTcWFDJYWvpWbzpl0BKH2DoEYHE3QuSqiAAQaADH6hnw==

icheck-bootstrap@^3.0.1:
  version "3.0.1"
  resolved "https://registry.yarnpkg.com/icheck-bootstrap/-/icheck-bootstrap-3.0.1.tgz#60c9c9a71524e1d9dd5bd05167a62fef05cc3a1b"
  integrity sha512-Rj3SybdcMcayhsP4IJ+hmCNgCKclaFcs/5zwCuLXH1WMo468NegjhZVxbSNKhEjJjnwc4gKETogUmPYSQ9lEZQ==

inputmask@^4.0.8:
  version "4.0.8"
  resolved "https://registry.yarnpkg.com/inputmask/-/inputmask-4.0.8.tgz#876d3209782df079ab69d4c7379767a45ef5762a"
  integrity sha512-y7TbHasd4tGgOxk1PBF6zZLBzfKt3a5qySF3KuKVNaeuptDpp52jhYOmw1tBJwRxrpJ4s+BOFmWKYsQqjp+r/w==

ion-rangeslider@^2.3.0:
  version "2.3.0"
  resolved "https://registry.yarnpkg.com/ion-rangeslider/-/ion-rangeslider-2.3.0.tgz#7957ce2e78acfc956b8c43009373da91f743347e"
  integrity sha512-7TtH9/X4Aq/xCzboWxjwlv20gVqR90Ysc3aehMlTuH2/ULaSxpB80hq+yvD1N0FwWbPDtxQpjQrz/iX+LWXKmg==
  dependencies:
    jquery ">=1.8"

jquery-knob-chif@^1.2.13:
  version "1.2.13"
  resolved "https://registry.yarnpkg.com/jquery-knob-chif/-/jquery-knob-chif-1.2.13.tgz#5f1e462ef3745d27a9fd66ce1141fe82b44a5762"
  integrity sha1-Xx5GLvN0XSep/WbOEUH+grRKV2I=

jquery-mapael@^2.2.0:
  version "2.2.0"
  resolved "https://registry.yarnpkg.com/jquery-mapael/-/jquery-mapael-2.2.0.tgz#a68850c680ef0ce3f8b865e8a48b2a018250ca73"
  integrity sha512-B5cVcCkfs7Ezia1Zs8bEfVacYD/GvaASyqQeidApR/NJ1C4igcExk9VULVsgLcTPkxohcZrrz5uCaPXvuKeZWw==
  dependencies:
    jquery "^3.0 || ^2.0 || ^1.0"
    raphael "^2.2.0 || ^2.1.1"
  optionalDependencies:
    jquery-mousewheel "^3.1"

jquery-mousewheel@^3.1, jquery-mousewheel@^3.1.13:
  version "3.1.13"
  resolved "https://registry.yarnpkg.com/jquery-mousewheel/-/jquery-mousewheel-3.1.13.tgz#06f0335f16e353a695e7206bf50503cb523a6ee5"
  integrity sha1-BvAzXxbjU6aV5yBr9QUDy1I6buU=

jquery-ui-dist@^1.12.1:
  version "1.12.1"
  resolved "https://registry.yarnpkg.com/jquery-ui-dist/-/jquery-ui-dist-1.12.1.tgz#5c0815d3cc6f90ff5faaf5b268a6e23b4ca904fa"
  integrity sha1-XAgV08xvkP9fqvWyaKbiO0ypBPo=

jquery@>=1.10, jquery@>=1.12.0, jquery@>=1.8, jquery@>=2.1.0, jquery@^3.0, "jquery@^3.0 || ^2.0 || ^1.0", jquery@^3.4.0, jquery@^3.4.1:
  version "3.4.1"
  resolved "https://registry.yarnpkg.com/jquery/-/jquery-3.4.1.tgz#714f1f8d9dde4bdfa55764ba37ef214630d80ef2"
  integrity sha512-36+AdBzCL+y6qjw5Tx7HgzeGCzC81MDDgaUP8ld2zhx58HdqXGoBd+tHdrBMiyjGQs0Hxs/MLZTu/eHNJJuWPw==

jquery@>=1.7:
  version "3.3.1"
  resolved "https://registry.yarnpkg.com/jquery/-/jquery-3.3.1.tgz#958ce29e81c9790f31be7792df5d4d95fc57fbca"

"jqvmap@github:CivilError/jqvmap":
  version "1.6.0"
  resolved "https://codeload.github.com/CivilError/jqvmap/tar.gz/27eadebd1ca7ace949e10bef6e64290c4956b934"
  dependencies:
    jquery "^3.4.0"

moment-timezone@^0.5.11:
  version "0.5.26"
  resolved "https://registry.yarnpkg.com/moment-timezone/-/moment-timezone-0.5.26.tgz#c0267ca09ae84631aa3dc33f65bedbe6e8e0d772"
  integrity sha512-sFP4cgEKTCymBBKgoxZjYzlSovC20Y6J7y3nanDc5RoBIXKlZhoYwBoZGe3flwU6A372AcRwScH8KiwV6zjy1g==
  dependencies:
    moment ">= 2.9.0"

"moment@>= 2.9.0", moment@^2.22.2, moment@^2.24.0, moment@^2.9.0:
  version "2.24.0"
  resolved "https://registry.yarnpkg.com/moment/-/moment-2.24.0.tgz#0d055d53f5052aa653c9f6eb68bb5d12bf5c2b5b"
  integrity sha512-bV7f+6l2QigeBBZSM/6yTNq4P2fNpSWj/0e7jQcy87A8e7o2nAfP/34/2ky5Vw4B9S446EtIhodAzkFCcR4dQg==

moment@^2.10.2:
  version "2.22.1"
  resolved "https://registry.yarnpkg.com/moment/-/moment-2.22.1.tgz#529a2e9bf973f259c9643d237fda84de3a26e8ad"

overlayscrollbars@^1.7.2:
  version "1.9.1"
  resolved "https://registry.yarnpkg.com/overlayscrollbars/-/overlayscrollbars-1.9.1.tgz#46f5f275e3966b11dbf147f6c441e777c313af76"
  integrity sha512-MKOIiIaxfvemDQu1o03M/4lSs8EsSEqtaKMfspTtgF6bzxh8+ymzDtMCDGRIy4BQBQlu1ThP1QuSCdM9VAO1Qw==

popper.js@^1.14.3:
  version "1.14.3"
  resolved "https://registry.yarnpkg.com/popper.js/-/popper.js-1.14.3.tgz#1438f98d046acf7b4d78cd502bf418ac64d4f095"

popper.js@^1.15.0:
  version "1.15.0"
  resolved "https://registry.yarnpkg.com/popper.js/-/popper.js-1.15.0.tgz#5560b99bbad7647e9faa475c6b8056621f5a4ff2"
  integrity sha512-w010cY1oCUmI+9KwwlWki+r5jxKfTFDVoadl7MSrIujHU5MJ5OR6HTDj6Xo8aoR/QsA56x8jKjA59qGH4ELtrA==

"raphael@^2.2.0 || ^2.1.1", raphael@^2.2.8:
  version "2.2.8"
  resolved "https://registry.yarnpkg.com/raphael/-/raphael-2.2.8.tgz#4b18443c2c6030c3b492d8d11fbbca14ebe4d3f3"
  integrity sha512-0kWKcGn4lXTw4eUiOhjspYiG+v0m6zSmTmlO62E0hl2CYKUvCuHER9YKqXYvOn2nj24mYp8jzHOLeBuj/Gn28Q==
  dependencies:
    eve-raphael "0.5.0"

select2@^4.0.7:
  version "4.0.8"
  resolved "https://registry.yarnpkg.com/select2/-/select2-4.0.8.tgz#3773bec1e5b96620ed98ca5ded53c0da47e7753f"
  integrity sha512-H/I2mq71oiEe51S74hdUv4QubH1EJNLEMnjfQucftLa8GiuT5+RKIHwlV/7I/YUqZg0wsYQM946eFG/ntRPF/Q==

sparklines@^1.2.0:
  version "1.2.0"
  resolved "https://registry.yarnpkg.com/sparklines/-/sparklines-1.2.0.tgz#bbbf2dede9bc337749e430baf67c2b37f88f6fa0"
  integrity sha512-6OFlZzdFXyfFGJ8R5wrc9GdjoeQpjFuwkMKF1yVehLATHVrf4dSyZ4veGOFQ0mQ3xdJ0bCQSbd0idsm1gd2qWg==

summernote@^0.8.12:
  version "0.8.12"
  resolved "https://registry.yarnpkg.com/summernote/-/summernote-0.8.12.tgz#563502ed882abde9daab9db1e7eba330d37ac020"
  integrity sha512-RVEJoIyztwPpopTwZvjag1WOvbmhUGFe6Mc9RADzzcX1ogG8pIXCB88icu/vjNYihITrzj2zZsoFMcDRHSlhEA==

sweetalert2@^8.12.1:
  version "8.15.2"
  resolved "https://registry.yarnpkg.com/sweetalert2/-/sweetalert2-8.15.2.tgz#8ac8796b83b121e36351e7bc02bdc495d13ec46e"
  integrity sha512-Dmc8Mu+HqHBbTeY2XcMI3WGiBJFwweYPIguIaOhE8cEKAef3FGmx/3Eq5IU/2kxGIAKAxFq1iEmyMfJeGkwAAg==

tempusdominus-bootstrap-4@^5.1.2:
  version "5.1.2"
  resolved "https://registry.yarnpkg.com/tempusdominus-bootstrap-4/-/tempusdominus-bootstrap-4-5.1.2.tgz#3c9906ca6e5d563faa0b81b2fdc6aa79cad9c0be"
  integrity sha512-ksD8qc4wOJeE19wvryXmEpRzMUSZu4wSOdG6zKSn8l4ccad16249KOX1j0CccyZpuuES/n4FLqLAUB+Dd1LTBA==
  dependencies:
    bootstrap ">=4.1.2"
    jquery "^3.0"
    moment "^2.22.2"
    moment-timezone "^0.5.11"
    popper.js "^1.14.3"

toastr@^2.1.4:
  version "2.1.4"
  resolved "https://registry.yarnpkg.com/toastr/-/toastr-2.1.4.tgz#8b43be64fb9d0c414871446f2db8e8ca4e95f181"
  integrity sha1-i0O+ZPudDEFIcURvLbjoyk6V8YE=
  dependencies:
    jquery ">=1.12.0"
